
Microsoft Visual Studio Solution File, Format Version 12.00
# Visual Studio Version 16
VisualStudioVersion = 16.0.29728.190
MinimumVisualStudioVersion = 10.0.40219.1
Project("{9A19103F-16F7-4668-BE54-9A1E7A4F7556}") = "DisasterReliefApplication", "DisasterReliefApplication\DisasterReliefApplication.csproj", "{203317C2-C180-483B-9F8F-06521F257EF8}"
EndProject
Project("{9A19103F-16F7-4668-BE54-9A1E7A4F7556}") = "UnitTests", "UnitTests\UnitTests.csproj", "{804B24F4-F360-4A9C-80D6-C56DFFDC23DB}"
EndProject
Global
	GlobalSection(SolutionConfigurationPlatforms) = preSolution
		Debug|Any CPU = Debug|Any CPU
		Release|Any CPU = Release|Any CPU
	EndGlobalSection
	GlobalSection(ProjectConfigurationPlatforms) = postSolution
		{203317C2-C180-483B-9F8F-06521F257EF8}.Debug|Any CPU.ActiveCfg = Debug|Any CPU
		{203317C2-C180-483B-9F8F-06521F257EF8}.Debug|Any CPU.Build.0 = Debug|Any CPU
		{203317C2-C180-483B-9F8F-06521F257EF8}.Release|Any CPU.ActiveCfg = Release|Any CPU
		{203317C2-C180-483B-9F8F-06521F257EF8}.Release|Any CPU.Build.0 = Release|Any CPU
		{804B24F4-F360-4A9C-80D6-C56DFFDC23DB}.Debug|Any CPU.ActiveCfg = Debug|Any CPU
		{804B24F4-F360-4A9C-80D6-C56DFFDC23DB}.Debug|Any CPU.Build.0 = Debug|Any CPU
		{804B24F4-F360-4A9C-80D6-C56DFFDC23DB}.Release|Any CPU.ActiveCfg = Release|Any CPU
		{804B24F4-F360-4A9C-80D6-C56DFFDC23DB}.Release|Any CPU.Build.0 = Release|Any CPU
	EndGlobalSection
	GlobalSection(SolutionProperties) = preSolution
		HideSolutionNode = FALSE
	EndGlobalSection
	GlobalSection(ExtensibilityGlobals) = postSolution
		SolutionGuid = {76A8E228-F8C2-4B19-8E70-44835B47F727}
	EndGlobalSection
EndGlobal
